
Microsoft Visual Studio Solution File, Format Version 12.00
# Visual Studio Express 2012 for Windows Desktop
Project("{FAE04EC0-301F-11D3-BF4B-00C04F79EFBC}") = "cdmaDevTerm", "cdmaDevTerm\cdmaDevTerm.csproj", "{45CEA841-F922-4B67-9261-C1A554868778}"
EndProject
Project("{F184B08F-C81C-45F6-A57F-5ABD9991F28F}") = "cdmaDevLib", "cdmaDevLib\cdmaDevLib.vbproj", "{A978054D-108E-47E3-86C6-C6B326BF7D3C}"
EndProject
Global
	GlobalSection(SolutionConfigurationPlatforms) = preSolution
		Debug|Any CPU = Debug|Any CPU
		Debug|Mixed Platforms = Debug|Mixed Platforms
		Debug|x86 = Debug|x86
		Release|Any CPU = Release|Any CPU
		Release|Mixed Platforms = Release|Mixed Platforms
		Release|x86 = Release|x86
	EndGlobalSection
	GlobalSection(ProjectConfigurationPlatforms) = postSolution
		{45CEA841-F922-4B67-9261-C1A554868778}.Debug|Any CPU.ActiveCfg = Debug|x86
		{45CEA841-F922-4B67-9261-C1A554868778}.Debug|Mixed Platforms.ActiveCfg = Debug|x86
		{45CEA841-F922-4B67-9261-C1A554868778}.Debug|Mixed Platforms.Build.0 = Debug|x86
		{45CEA841-F922-4B67-9261-C1A554868778}.Debug|x86.ActiveCfg = Debug|x86
		{45CEA841-F922-4B67-9261-C1A554868778}.Debug|x86.Build.0 = Debug|x86
		{45CEA841-F922-4B67-9261-C1A554868778}.Release|Any CPU.ActiveCfg = Release|x86
		{45CEA841-F922-4B67-9261-C1A554868778}.Release|Mixed Platforms.ActiveCfg = Release|x86
		{45CEA841-F922-4B67-9261-C1A554868778}.Release|Mixed Platforms.Build.0 = Release|x86
		{45CEA841-F922-4B67-9261-C1A554868778}.Release|x86.ActiveCfg = Release|x86
		{45CEA841-F922-4B67-9261-C1A554868778}.Release|x86.Build.0 = Release|x86
		{A978054D-108E-47E3-86C6-C6B326BF7D3C}.Debug|Any CPU.ActiveCfg = Debug|Any CPU
		{A978054D-108E-47E3-86C6-C6B326BF7D3C}.Debug|Any CPU.Build.0 = Debug|Any CPU
		{A978054D-108E-47E3-86C6-C6B326BF7D3C}.Debug|Mixed Platforms.ActiveCfg = Debug|Any CPU
		{A978054D-108E-47E3-86C6-C6B326BF7D3C}.Debug|Mixed Platforms.Build.0 = Debug|Any CPU
		{A978054D-108E-47E3-86C6-C6B326BF7D3C}.Debug|x86.ActiveCfg = Debug|Any CPU
		{A978054D-108E-47E3-86C6-C6B326BF7D3C}.Release|Any CPU.ActiveCfg = Release|Any CPU
		{A978054D-108E-47E3-86C6-C6B326BF7D3C}.Release|Any CPU.Build.0 = Release|Any CPU
		{A978054D-108E-47E3-86C6-C6B326BF7D3C}.Release|Mixed Platforms.ActiveCfg = Release|Any CPU
		{A978054D-108E-47E3-86C6-C6B326BF7D3C}.Release|Mixed Platforms.Build.0 = Release|Any CPU
		{A978054D-108E-47E3-86C6-C6B326BF7D3C}.Release|x86.ActiveCfg = Release|Any CPU
	EndGlobalSection
	GlobalSection(SolutionProperties) = preSolution
		HideSolutionNode = FALSE
	EndGlobalSection
EndGlobal
